
Microsoft Visual Studio Solution File, Format Version 12.00
# Visual Studio Version 17
VisualStudioVersion = 17.7.34024.191
MinimumVisualStudioVersion = 10.0.40219.1
Project("{FAE04EC0-301F-11D3-BF4B-00C04F79EFBC}") = "zad1", "zad1\zad1.csproj", "{F3D6EB26-78EE-4125-AAD2-18E6C2225FAA}"
EndProject
Global
	GlobalSection(SolutionConfigurationPlatforms) = preSolution
		Debug|Any CPU = Debug|Any CPU
		Release|Any CPU = Release|Any CPU
	EndGlobalSection
	GlobalSection(ProjectConfigurationPlatforms) = postSolution
		{F3D6EB26-78EE-4125-AAD2-18E6C2225FAA}.Debug|Any CPU.ActiveCfg = Debug|Any CPU
		{F3D6EB26-78EE-4125-AAD2-18E6C2225FAA}.Debug|Any CPU.Build.0 = Debug|Any CPU
		{F3D6EB26-78EE-4125-AAD2-18E6C2225FAA}.Release|Any CPU.ActiveCfg = Release|Any CPU
		{F3D6EB26-78EE-4125-AAD2-18E6C2225FAA}.Release|Any CPU.Build.0 = Release|Any CPU
	EndGlobalSection
	GlobalSection(SolutionProperties) = preSolution
		HideSolutionNode = FALSE
	EndGlobalSection
	GlobalSection(ExtensibilityGlobals) = postSolution
		SolutionGuid = {D69F8A29-1E09-4F83-9B1E-12F014E5AFE9}
	EndGlobalSection
EndGlobal
