
Microsoft Visual Studio Solution File, Format Version 12.00
# Visual Studio Version 17
VisualStudioVersion = 17.11.35222.181
MinimumVisualStudioVersion = 10.0.40219.1
Project("{FAE04EC0-301F-11D3-BF4B-00C04F79EFBC}") = "StressLess", "StressLess\StressLess.csproj", "{866345D6-3D09-4C1A-A86E-A5F191E093E5}"
EndProject
Global
	GlobalSection(SolutionConfigurationPlatforms) = preSolution
		Debug|Any CPU = Debug|Any CPU
		Release|Any CPU = Release|Any CPU
	EndGlobalSection
	GlobalSection(ProjectConfigurationPlatforms) = postSolution
		{866345D6-3D09-4C1A-A86E-A5F191E093E5}.Debug|Any CPU.ActiveCfg = Debug|Any CPU
		{866345D6-3D09-4C1A-A86E-A5F191E093E5}.Debug|Any CPU.Build.0 = Debug|Any CPU
		{866345D6-3D09-4C1A-A86E-A5F191E093E5}.Release|Any CPU.ActiveCfg = Release|Any CPU
		{866345D6-3D09-4C1A-A86E-A5F191E093E5}.Release|Any CPU.Build.0 = Release|Any CPU
	EndGlobalSection
	GlobalSection(SolutionProperties) = preSolution
		HideSolutionNode = FALSE
	EndGlobalSection
	GlobalSection(ExtensibilityGlobals) = postSolution
		SolutionGuid = {2AE183B2-9F6C-4002-8459-00F0905966D8}
	EndGlobalSection
EndGlobal
